
Microsoft Visual Studio Solution File, Format Version 12.00
# Visual Studio Version 17
VisualStudioVersion = 17.0.31903.59
MinimumVisualStudioVersion = 10.0.40219.1
Project("{FAE04EC0-301F-11D3-BF4B-00C04F79EFBC}") = "twodog", "twodog\twodog.csproj", "{A0000000-0000-0000-0000-000000000001}"
EndProject
Project("{2150E333-8FDC-42A3-9474-1A3956D46DE8}") = "win-x64", "win-x64", "{F0000001-0000-0000-0000-000000000000}"
EndProject
Project("{FAE04EC0-301F-11D3-BF4B-00C04F79EFBC}") = "twodog.win-x64", "platforms\twodog.win-x64\twodog.win-x64.csproj", "{A0000000-0000-0000-0000-000000000011}"
EndProject
Project("{FAE04EC0-301F-11D3-BF4B-00C04F79EFBC}") = "twodog.win-x64.release", "platforms\twodog.win-x64\twodog.win-x64.release.csproj", "{A0000000-0000-0000-0000-000000000012}"
EndProject
Project("{FAE04EC0-301F-11D3-BF4B-00C04F79EFBC}") = "twodog.win-x64.debug", "platforms\twodog.win-x64\twodog.win-x64.debug.csproj", "{A0000000-0000-0000-0000-000000000013}"
EndProject
Project("{FAE04EC0-301F-11D3-BF4B-00C04F79EFBC}") = "twodog.win-x64.editor", "platforms\twodog.win-x64\twodog.win-x64.editor.csproj", "{A0000000-0000-0000-0000-000000000014}"
EndProject
Project("{2150E333-8FDC-42A3-9474-1A3956D46DE8}") = "linux-x64", "linux-x64", "{F0000002-0000-0000-0000-000000000000}"
EndProject
Project("{FAE04EC0-301F-11D3-BF4B-00C04F79EFBC}") = "twodog.linux-x64", "platforms\twodog.linux-x64\twodog.linux-x64.csproj", "{A0000000-0000-0000-0000-000000000021}"
EndProject
Project("{FAE04EC0-301F-11D3-BF4B-00C04F79EFBC}") = "twodog.linux-x64.release", "platforms\twodog.linux-x64\twodog.linux-x64.release.csproj", "{A0000000-0000-0000-0000-000000000022}"
EndProject
Project("{FAE04EC0-301F-11D3-BF4B-00C04F79EFBC}") = "twodog.linux-x64.debug", "platforms\twodog.linux-x64\twodog.linux-x64.debug.csproj", "{A0000000-0000-0000-0000-000000000023}"
EndProject
Project("{FAE04EC0-301F-11D3-BF4B-00C04F79EFBC}") = "twodog.linux-x64.editor", "platforms\twodog.linux-x64\twodog.linux-x64.editor.csproj", "{A0000000-0000-0000-0000-000000000024}"
EndProject
Project("{2150E333-8FDC-42A3-9474-1A3956D46DE8}") = "osx-x64", "osx-x64", "{F0000003-0000-0000-0000-000000000000}"
EndProject
Project("{FAE04EC0-301F-11D3-BF4B-00C04F79EFBC}") = "twodog.osx-x64", "platforms\twodog.osx-x64\twodog.osx-x64.csproj", "{A0000000-0000-0000-0000-000000000031}"
EndProject
Project("{FAE04EC0-301F-11D3-BF4B-00C04F79EFBC}") = "twodog.osx-x64.release", "platforms\twodog.osx-x64\twodog.osx-x64.release.csproj", "{A0000000-0000-0000-0000-000000000032}"
EndProject
Project("{FAE04EC0-301F-11D3-BF4B-00C04F79EFBC}") = "twodog.osx-x64.debug", "platforms\twodog.osx-x64\twodog.osx-x64.debug.csproj", "{A0000000-0000-0000-0000-000000000033}"
EndProject
Project("{FAE04EC0-301F-11D3-BF4B-00C04F79EFBC}") = "twodog.osx-x64.editor", "platforms\twodog.osx-x64\twodog.osx-x64.editor.csproj", "{A0000000-0000-0000-0000-000000000034}"
EndProject
Project("{FAE04EC0-301F-11D3-BF4B-00C04F79EFBC}") = "twodog.xunit", "twodog.xunit\twodog.xunit.csproj", "{A0000000-0000-0000-0000-000000000002}"
EndProject
Project("{FAE04EC0-301F-11D3-BF4B-00C04F79EFBC}") = "twodog.tests", "twodog.tests\twodog.tests.csproj", "{A0000000-0000-0000-0000-000000000003}"
EndProject
Project("{FAE04EC0-301F-11D3-BF4B-00C04F79EFBC}") = "demo", "demo\demo.csproj", "{A0000000-0000-0000-0000-000000000004}"
EndProject
Project("{FAE04EC0-301F-11D3-BF4B-00C04F79EFBC}") = "game", "game\game.csproj", "{A0000000-0000-0000-0000-000000000005}"
EndProject
Project("{2150E333-8FDC-42A3-9474-1A3956D46DE8}") = "templates", "templates", "{808186BE-9BD0-DD1D-D574-36EEAD1E7F8F}"
EndProject
Project("{FAE04EC0-301F-11D3-BF4B-00C04F79EFBC}") = "2dog.Templates", "templates\2dog.Templates.csproj", "{7E299139-2BBA-457F-9885-EF3AE864D890}"
EndProject
Project("{FAE04EC0-301F-11D3-BF4B-00C04F79EFBC}") = "twodog.import", "twodog.import\twodog.import.csproj", "{5275B514-9862-406B-B670-4F6956542713}"
EndProject
Global
	GlobalSection(SolutionConfigurationPlatforms) = preSolution
		Debug|Any CPU = Debug|Any CPU
		Debug|x64 = Debug|x64
		Debug|x86 = Debug|x86
		Release|Any CPU = Release|Any CPU
		Release|x64 = Release|x64
		Release|x86 = Release|x86
		Editor|Any CPU = Editor|Any CPU
		Editor|x64 = Editor|x64
		Editor|x86 = Editor|x86
	EndGlobalSection
	GlobalSection(ProjectConfigurationPlatforms) = postSolution
		{A0000000-0000-0000-0000-000000000001}.Debug|Any CPU.ActiveCfg = Debug|Any CPU
		{A0000000-0000-0000-0000-000000000001}.Debug|Any CPU.Build.0 = Debug|Any CPU
		{A0000000-0000-0000-0000-000000000001}.Debug|x64.ActiveCfg = Debug|Any CPU
		{A0000000-0000-0000-0000-000000000001}.Debug|x64.Build.0 = Debug|Any CPU
		{A0000000-0000-0000-0000-000000000001}.Debug|x86.ActiveCfg = Debug|Any CPU
		{A0000000-0000-0000-0000-000000000001}.Debug|x86.Build.0 = Debug|Any CPU
		{A0000000-0000-0000-0000-000000000001}.Release|Any CPU.ActiveCfg = Release|Any CPU
		{A0000000-0000-0000-0000-000000000001}.Release|Any CPU.Build.0 = Release|Any CPU
		{A0000000-0000-0000-0000-000000000001}.Release|x64.ActiveCfg = Release|Any CPU
		{A0000000-0000-0000-0000-000000000001}.Release|x64.Build.0 = Release|Any CPU
		{A0000000-0000-0000-0000-000000000001}.Release|x86.ActiveCfg = Release|Any CPU
		{A0000000-0000-0000-0000-000000000001}.Release|x86.Build.0 = Release|Any CPU
		{A0000000-0000-0000-0000-000000000001}.Editor|Any CPU.ActiveCfg = Editor|Any CPU
		{A0000000-0000-0000-0000-000000000001}.Editor|Any CPU.Build.0 = Editor|Any CPU
		{A0000000-0000-0000-0000-000000000001}.Editor|x64.ActiveCfg = Editor|Any CPU
		{A0000000-0000-0000-0000-000000000001}.Editor|x64.Build.0 = Editor|Any CPU
		{A0000000-0000-0000-0000-000000000001}.Editor|x86.ActiveCfg = Editor|Any CPU
		{A0000000-0000-0000-0000-000000000001}.Editor|x86.Build.0 = Editor|Any CPU
		{A0000000-0000-0000-0000-000000000011}.Debug|Any CPU.ActiveCfg = Debug|Any CPU
		{A0000000-0000-0000-0000-000000000011}.Debug|Any CPU.Build.0 = Debug|Any CPU
		{A0000000-0000-0000-0000-000000000011}.Debug|x64.ActiveCfg = Debug|Any CPU
		{A0000000-0000-0000-0000-000000000011}.Debug|x64.Build.0 = Debug|Any CPU
		{A0000000-0000-0000-0000-000000000011}.Debug|x86.ActiveCfg = Debug|Any CPU
		{A0000000-0000-0000-0000-000000000011}.Debug|x86.Build.0 = Debug|Any CPU
		{A0000000-0000-0000-0000-000000000011}.Release|Any CPU.ActiveCfg = Release|Any CPU
		{A0000000-0000-0000-0000-000000000011}.Release|Any CPU.Build.0 = Release|Any CPU
		{A0000000-0000-0000-0000-000000000011}.Release|x64.ActiveCfg = Release|Any CPU
		{A0000000-0000-0000-0000-000000000011}.Release|x64.Build.0 = Release|Any CPU
		{A0000000-0000-0000-0000-000000000011}.Release|x86.ActiveCfg = Release|Any CPU
		{A0000000-0000-0000-0000-000000000011}.Release|x86.Build.0 = Release|Any CPU
		{A0000000-0000-0000-0000-000000000011}.Editor|Any CPU.ActiveCfg = Editor|Any CPU
		{A0000000-0000-0000-0000-000000000011}.Editor|Any CPU.Build.0 = Editor|Any CPU
		{A0000000-0000-0000-0000-000000000011}.Editor|x64.ActiveCfg = Editor|Any CPU
		{A0000000-0000-0000-0000-000000000011}.Editor|x64.Build.0 = Editor|Any CPU
		{A0000000-0000-0000-0000-000000000011}.Editor|x86.ActiveCfg = Editor|Any CPU
		{A0000000-0000-0000-0000-000000000011}.Editor|x86.Build.0 = Editor|Any CPU
		{A0000000-0000-0000-0000-000000000012}.Debug|Any CPU.ActiveCfg = Debug|Any CPU
		{A0000000-0000-0000-0000-000000000012}.Debug|Any CPU.Build.0 = Debug|Any CPU
		{A0000000-0000-0000-0000-000000000012}.Debug|x64.ActiveCfg = Debug|Any CPU
		{A0000000-0000-0000-0000-000000000012}.Debug|x64.Build.0 = Debug|Any CPU
		{A0000000-0000-0000-0000-000000000012}.Debug|x86.ActiveCfg = Debug|Any CPU
		{A0000000-0000-0000-0000-000000000012}.Debug|x86.Build.0 = Debug|Any CPU
		{A0000000-0000-0000-0000-000000000012}.Release|Any CPU.ActiveCfg = Release|Any CPU
		{A0000000-0000-0000-0000-000000000012}.Release|Any CPU.Build.0 = Release|Any CPU
		{A0000000-0000-0000-0000-000000000012}.Release|x64.ActiveCfg = Release|Any CPU
		{A0000000-0000-0000-0000-000000000012}.Release|x64.Build.0 = Release|Any CPU
		{A0000000-0000-0000-0000-000000000012}.Release|x86.ActiveCfg = Release|Any CPU
		{A0000000-0000-0000-0000-000000000012}.Release|x86.Build.0 = Release|Any CPU
		{A0000000-0000-0000-0000-000000000012}.Editor|Any CPU.ActiveCfg = Editor|Any CPU
		{A0000000-0000-0000-0000-000000000012}.Editor|Any CPU.Build.0 = Editor|Any CPU
		{A0000000-0000-0000-0000-000000000012}.Editor|x64.ActiveCfg = Editor|Any CPU
		{A0000000-0000-0000-0000-000000000012}.Editor|x64.Build.0 = Editor|Any CPU
		{A0000000-0000-0000-0000-000000000012}.Editor|x86.ActiveCfg = Editor|Any CPU
		{A0000000-0000-0000-0000-000000000012}.Editor|x86.Build.0 = Editor|Any CPU
		{A0000000-0000-0000-0000-000000000013}.Debug|Any CPU.ActiveCfg = Debug|Any CPU
		{A0000000-0000-0000-0000-000000000013}.Debug|Any CPU.Build.0 = Debug|Any CPU
		{A0000000-0000-0000-0000-000000000013}.Debug|x64.ActiveCfg = Debug|Any CPU
		{A0000000-0000-0000-0000-000000000013}.Debug|x64.Build.0 = Debug|Any CPU
		{A0000000-0000-0000-0000-000000000013}.Debug|x86.ActiveCfg = Debug|Any CPU
		{A0000000-0000-0000-0000-000000000013}.Debug|x86.Build.0 = Debug|Any CPU
		{A0000000-0000-0000-0000-000000000013}.Release|Any CPU.ActiveCfg = Release|Any CPU
		{A0000000-0000-0000-0000-000000000013}.Release|Any CPU.Build.0 = Release|Any CPU
		{A0000000-0000-0000-0000-000000000013}.Release|x64.ActiveCfg = Release|Any CPU
		{A0000000-0000-0000-0000-000000000013}.Release|x64.Build.0 = Release|Any CPU
		{A0000000-0000-0000-0000-000000000013}.Release|x86.ActiveCfg = Release|Any CPU
		{A0000000-0000-0000-0000-000000000013}.Release|x86.Build.0 = Release|Any CPU
		{A0000000-0000-0000-0000-000000000013}.Editor|Any CPU.ActiveCfg = Editor|Any CPU
		{A0000000-0000-0000-0000-000000000013}.Editor|Any CPU.Build.0 = Editor|Any CPU
		{A0000000-0000-0000-0000-000000000013}.Editor|x64.ActiveCfg = Editor|Any CPU
		{A0000000-0000-0000-0000-000000000013}.Editor|x64.Build.0 = Editor|Any CPU
		{A0000000-0000-0000-0000-000000000013}.Editor|x86.ActiveCfg = Editor|Any CPU
		{A0000000-0000-0000-0000-000000000013}.Editor|x86.Build.0 = Editor|Any CPU
		{A0000000-0000-0000-0000-000000000014}.Debug|Any CPU.ActiveCfg = Debug|Any CPU
		{A0000000-0000-0000-0000-000000000014}.Debug|Any CPU.Build.0 = Debug|Any CPU
		{A0000000-0000-0000-0000-000000000014}.Debug|x64.ActiveCfg = Debug|Any CPU
		{A0000000-0000-0000-0000-000000000014}.Debug|x64.Build.0 = Debug|Any CPU
		{A0000000-0000-0000-0000-000000000014}.Debug|x86.ActiveCfg = Debug|Any CPU
		{A0000000-0000-0000-0000-000000000014}.Debug|x86.Build.0 = Debug|Any CPU
		{A0000000-0000-0000-0000-000000000014}.Release|Any CPU.ActiveCfg = Release|Any CPU
		{A0000000-0000-0000-0000-000000000014}.Release|Any CPU.Build.0 = Release|Any CPU
		{A0000000-0000-0000-0000-000000000014}.Release|x64.ActiveCfg = Release|Any CPU
		{A0000000-0000-0000-0000-000000000014}.Release|x64.Build.0 = Release|Any CPU
		{A0000000-0000-0000-0000-000000000014}.Release|x86.ActiveCfg = Release|Any CPU
		{A0000000-0000-0000-0000-000000000014}.Release|x86.Build.0 = Release|Any CPU
		{A0000000-0000-0000-0000-000000000014}.Editor|Any CPU.ActiveCfg = Editor|Any CPU
		{A0000000-0000-0000-0000-000000000014}.Editor|Any CPU.Build.0 = Editor|Any CPU
		{A0000000-0000-0000-0000-000000000014}.Editor|x64.ActiveCfg = Editor|Any CPU
		{A0000000-0000-0000-0000-000000000014}.Editor|x64.Build.0 = Editor|Any CPU
		{A0000000-0000-0000-0000-000000000014}.Editor|x86.ActiveCfg = Editor|Any CPU
		{A0000000-0000-0000-0000-000000000014}.Editor|x86.Build.0 = Editor|Any CPU
		{A0000000-0000-0000-0000-000000000021}.Debug|Any CPU.ActiveCfg = Debug|Any CPU
		{A0000000-0000-0000-0000-000000000021}.Debug|Any CPU.Build.0 = Debug|Any CPU
		{A0000000-0000-0000-0000-000000000021}.Debug|x64.ActiveCfg = Debug|Any CPU
		{A0000000-0000-0000-0000-000000000021}.Debug|x64.Build.0 = Debug|Any CPU
		{A0000000-0000-0000-0000-000000000021}.Debug|x86.ActiveCfg = Debug|Any CPU
		{A0000000-0000-0000-0000-000000000021}.Debug|x86.Build.0 = Debug|Any CPU
		{A0000000-0000-0000-0000-000000000021}.Release|Any CPU.ActiveCfg = Release|Any CPU
		{A0000000-0000-0000-0000-000000000021}.Release|Any CPU.Build.0 = Release|Any CPU
		{A0000000-0000-0000-0000-000000000021}.Release|x64.ActiveCfg = Release|Any CPU
		{A0000000-0000-0000-0000-000000000021}.Release|x64.Build.0 = Release|Any CPU
		{A0000000-0000-0000-0000-000000000021}.Release|x86.ActiveCfg = Release|Any CPU
		{A0000000-0000-0000-0000-000000000021}.Release|x86.Build.0 = Release|Any CPU
		{A0000000-0000-0000-0000-000000000021}.Editor|Any CPU.ActiveCfg = Editor|Any CPU
		{A0000000-0000-0000-0000-000000000021}.Editor|Any CPU.Build.0 = Editor|Any CPU
		{A0000000-0000-0000-0000-000000000021}.Editor|x64.ActiveCfg = Editor|Any CPU
		{A0000000-0000-0000-0000-000000000021}.Editor|x64.Build.0 = Editor|Any CPU
		{A0000000-0000-0000-0000-000000000021}.Editor|x86.ActiveCfg = Editor|Any CPU
		{A0000000-0000-0000-0000-000000000021}.Editor|x86.Build.0 = Editor|Any CPU
		{A0000000-0000-0000-0000-000000000022}.Debug|Any CPU.ActiveCfg = Debug|Any CPU
		{A0000000-0000-0000-0000-000000000022}.Debug|Any CPU.Build.0 = Debug|Any CPU
		{A0000000-0000-0000-0000-000000000022}.Debug|x64.ActiveCfg = Debug|Any CPU
		{A0000000-0000-0000-0000-000000000022}.Debug|x64.Build.0 = Debug|Any CPU
		{A0000000-0000-0000-0000-000000000022}.Debug|x86.ActiveCfg = Debug|Any CPU
		{A0000000-0000-0000-0000-000000000022}.Debug|x86.Build.0 = Debug|Any CPU
		{A0000000-0000-0000-0000-000000000022}.Release|Any CPU.ActiveCfg = Release|Any CPU
		{A0000000-0000-0000-0000-000000000022}.Release|Any CPU.Build.0 = Release|Any CPU
		{A0000000-0000-0000-0000-000000000022}.Release|x64.ActiveCfg = Release|Any CPU
		{A0000000-0000-0000-0000-000000000022}.Release|x64.Build.0 = Release|Any CPU
		{A0000000-0000-0000-0000-000000000022}.Release|x86.ActiveCfg = Release|Any CPU
		{A0000000-0000-0000-0000-000000000022}.Release|x86.Build.0 = Release|Any CPU
		{A0000000-0000-0000-0000-000000000022}.Editor|Any CPU.ActiveCfg = Editor|Any CPU
		{A0000000-0000-0000-0000-000000000022}.Editor|Any CPU.Build.0 = Editor|Any CPU
		{A0000000-0000-0000-0000-000000000022}.Editor|x64.ActiveCfg = Editor|Any CPU
		{A0000000-0000-0000-0000-000000000022}.Editor|x64.Build.0 = Editor|Any CPU
		{A0000000-0000-0000-0000-000000000022}.Editor|x86.ActiveCfg = Editor|Any CPU
		{A0000000-0000-0000-0000-000000000022}.Editor|x86.Build.0 = Editor|Any CPU
		{A0000000-0000-0000-0000-000000000023}.Debug|Any CPU.ActiveCfg = Debug|Any CPU
		{A0000000-0000-0000-0000-000000000023}.Debug|Any CPU.Build.0 = Debug|Any CPU
		{A0000000-0000-0000-0000-000000000023}.Debug|x64.ActiveCfg = Debug|Any CPU
		{A0000000-0000-0000-0000-000000000023}.Debug|x64.Build.0 = Debug|Any CPU
		{A0000000-0000-0000-0000-000000000023}.Debug|x86.ActiveCfg = Debug|Any CPU
		{A0000000-0000-0000-0000-000000000023}.Debug|x86.Build.0 = Debug|Any CPU
		{A0000000-0000-0000-0000-000000000023}.Release|Any CPU.ActiveCfg = Release|Any CPU
		{A0000000-0000-0000-0000-000000000023}.Release|Any CPU.Build.0 = Release|Any CPU
		{A0000000-0000-0000-0000-000000000023}.Release|x64.ActiveCfg = Release|Any CPU
		{A0000000-0000-0000-0000-000000000023}.Release|x64.Build.0 = Release|Any CPU
		{A0000000-0000-0000-0000-000000000023}.Release|x86.ActiveCfg = Release|Any CPU
		{A0000000-0000-0000-0000-000000000023}.Release|x86.Build.0 = Release|Any CPU
		{A0000000-0000-0000-0000-000000000023}.Editor|Any CPU.ActiveCfg = Editor|Any CPU
		{A0000000-0000-0000-0000-000000000023}.Editor|Any CPU.Build.0 = Editor|Any CPU
		{A0000000-0000-0000-0000-000000000023}.Editor|x64.ActiveCfg = Editor|Any CPU
		{A0000000-0000-0000-0000-000000000023}.Editor|x64.Build.0 = Editor|Any CPU
		{A0000000-0000-0000-0000-000000000023}.Editor|x86.ActiveCfg = Editor|Any CPU
		{A0000000-0000-0000-0000-000000000023}.Editor|x86.Build.0 = Editor|Any CPU
		{A0000000-0000-0000-0000-000000000024}.Debug|Any CPU.ActiveCfg = Debug|Any CPU
		{A0000000-0000-0000-0000-000000000024}.Debug|Any CPU.Build.0 = Debug|Any CPU
		{A0000000-0000-0000-0000-000000000024}.Debug|x64.ActiveCfg = Debug|Any CPU
		{A0000000-0000-0000-0000-000000000024}.Debug|x64.Build.0 = Debug|Any CPU
		{A0000000-0000-0000-0000-000000000024}.Debug|x86.ActiveCfg = Debug|Any CPU
		{A0000000-0000-0000-0000-000000000024}.Debug|x86.Build.0 = Debug|Any CPU
		{A0000000-0000-0000-0000-000000000024}.Release|Any CPU.ActiveCfg = Release|Any CPU
		{A0000000-0000-0000-0000-000000000024}.Release|Any CPU.Build.0 = Release|Any CPU
		{A0000000-0000-0000-0000-000000000024}.Release|x64.ActiveCfg = Release|Any CPU
		{A0000000-0000-0000-0000-000000000024}.Release|x64.Build.0 = Release|Any CPU
		{A0000000-0000-0000-0000-000000000024}.Release|x86.ActiveCfg = Release|Any CPU
		{A0000000-0000-0000-0000-000000000024}.Release|x86.Build.0 = Release|Any CPU
		{A0000000-0000-0000-0000-000000000024}.Editor|Any CPU.ActiveCfg = Editor|Any CPU
		{A0000000-0000-0000-0000-000000000024}.Editor|Any CPU.Build.0 = Editor|Any CPU
		{A0000000-0000-0000-0000-000000000024}.Editor|x64.ActiveCfg = Editor|Any CPU
		{A0000000-0000-0000-0000-000000000024}.Editor|x64.Build.0 = Editor|Any CPU
		{A0000000-0000-0000-0000-000000000024}.Editor|x86.ActiveCfg = Editor|Any CPU
		{A0000000-0000-0000-0000-000000000024}.Editor|x86.Build.0 = Editor|Any CPU
		{A0000000-0000-0000-0000-000000000031}.Debug|Any CPU.ActiveCfg = Debug|Any CPU
		{A0000000-0000-0000-0000-000000000031}.Debug|Any CPU.Build.0 = Debug|Any CPU
		{A0000000-0000-0000-0000-000000000031}.Debug|x64.ActiveCfg = Debug|Any CPU
		{A0000000-0000-0000-0000-000000000031}.Debug|x64.Build.0 = Debug|Any CPU
		{A0000000-0000-0000-0000-000000000031}.Debug|x86.ActiveCfg = Debug|Any CPU
		{A0000000-0000-0000-0000-000000000031}.Debug|x86.Build.0 = Debug|Any CPU
		{A0000000-0000-0000-0000-000000000031}.Release|Any CPU.ActiveCfg = Release|Any CPU
		{A0000000-0000-0000-0000-000000000031}.Release|Any CPU.Build.0 = Release|Any CPU
		{A0000000-0000-0000-0000-000000000031}.Release|x64.ActiveCfg = Release|Any CPU
		{A0000000-0000-0000-0000-000000000031}.Release|x64.Build.0 = Release|Any CPU
		{A0000000-0000-0000-0000-000000000031}.Release|x86.ActiveCfg = Release|Any CPU
		{A0000000-0000-0000-0000-000000000031}.Release|x86.Build.0 = Release|Any CPU
		{A0000000-0000-0000-0000-000000000031}.Editor|Any CPU.ActiveCfg = Editor|Any CPU
		{A0000000-0000-0000-0000-000000000031}.Editor|Any CPU.Build.0 = Editor|Any CPU
		{A0000000-0000-0000-0000-000000000031}.Editor|x64.ActiveCfg = Editor|Any CPU
		{A0000000-0000-0000-0000-000000000031}.Editor|x64.Build.0 = Editor|Any CPU
		{A0000000-0000-0000-0000-000000000031}.Editor|x86.ActiveCfg = Editor|Any CPU
		{A0000000-0000-0000-0000-000000000031}.Editor|x86.Build.0 = Editor|Any CPU
		{A0000000-0000-0000-0000-000000000032}.Debug|Any CPU.ActiveCfg = Debug|Any CPU
		{A0000000-0000-0000-0000-000000000032}.Debug|Any CPU.Build.0 = Debug|Any CPU
		{A0000000-0000-0000-0000-000000000032}.Debug|x64.ActiveCfg = Debug|Any CPU
		{A0000000-0000-0000-0000-000000000032}.Debug|x64.Build.0 = Debug|Any CPU
		{A0000000-0000-0000-0000-000000000032}.Debug|x86.ActiveCfg = Debug|Any CPU
		{A0000000-0000-0000-0000-000000000032}.Debug|x86.Build.0 = Debug|Any CPU
		{A0000000-0000-0000-0000-000000000032}.Release|Any CPU.ActiveCfg = Release|Any CPU
		{A0000000-0000-0000-0000-000000000032}.Release|Any CPU.Build.0 = Release|Any CPU
		{A0000000-0000-0000-0000-000000000032}.Release|x64.ActiveCfg = Release|Any CPU
		{A0000000-0000-0000-0000-000000000032}.Release|x64.Build.0 = Release|Any CPU
		{A0000000-0000-0000-0000-000000000032}.Release|x86.ActiveCfg = Release|Any CPU
		{A0000000-0000-0000-0000-000000000032}.Release|x86.Build.0 = Release|Any CPU
		{A0000000-0000-0000-0000-000000000032}.Editor|Any CPU.ActiveCfg = Editor|Any CPU
		{A0000000-0000-0000-0000-000000000032}.Editor|Any CPU.Build.0 = Editor|Any CPU
		{A0000000-0000-0000-0000-000000000032}.Editor|x64.ActiveCfg = Editor|Any CPU
		{A0000000-0000-0000-0000-000000000032}.Editor|x64.Build.0 = Editor|Any CPU
		{A0000000-0000-0000-0000-000000000032}.Editor|x86.ActiveCfg = Editor|Any CPU
		{A0000000-0000-0000-0000-000000000032}.Editor|x86.Build.0 = Editor|Any CPU
		{A0000000-0000-0000-0000-000000000033}.Debug|Any CPU.ActiveCfg = Debug|Any CPU
		{A0000000-0000-0000-0000-000000000033}.Debug|Any CPU.Build.0 = Debug|Any CPU
		{A0000000-0000-0000-0000-000000000033}.Debug|x64.ActiveCfg = Debug|Any CPU
		{A0000000-0000-0000-0000-000000000033}.Debug|x64.Build.0 = Debug|Any CPU
		{A0000000-0000-0000-0000-000000000033}.Debug|x86.ActiveCfg = Debug|Any CPU
		{A0000000-0000-0000-0000-000000000033}.Debug|x86.Build.0 = Debug|Any CPU
		{A0000000-0000-0000-0000-000000000033}.Release|Any CPU.ActiveCfg = Release|Any CPU
		{A0000000-0000-0000-0000-000000000033}.Release|Any CPU.Build.0 = Release|Any CPU
		{A0000000-0000-0000-0000-000000000033}.Release|x64.ActiveCfg = Release|Any CPU
		{A0000000-0000-0000-0000-000000000033}.Release|x64.Build.0 = Release|Any CPU
		{A0000000-0000-0000-0000-000000000033}.Release|x86.ActiveCfg = Release|Any CPU
		{A0000000-0000-0000-0000-000000000033}.Release|x86.Build.0 = Release|Any CPU
		{A0000000-0000-0000-0000-000000000033}.Editor|Any CPU.ActiveCfg = Editor|Any CPU
		{A0000000-0000-0000-0000-000000000033}.Editor|Any CPU.Build.0 = Editor|Any CPU
		{A0000000-0000-0000-0000-000000000033}.Editor|x64.ActiveCfg = Editor|Any CPU
		{A0000000-0000-0000-0000-000000000033}.Editor|x64.Build.0 = Editor|Any CPU
		{A0000000-0000-0000-0000-000000000033}.Editor|x86.ActiveCfg = Editor|Any CPU
		{A0000000-0000-0000-0000-000000000033}.Editor|x86.Build.0 = Editor|Any CPU
		{A0000000-0000-0000-0000-000000000034}.Debug|Any CPU.ActiveCfg = Debug|Any CPU
		{A0000000-0000-0000-0000-000000000034}.Debug|Any CPU.Build.0 = Debug|Any CPU
		{A0000000-0000-0000-0000-000000000034}.Debug|x64.ActiveCfg = Debug|Any CPU
		{A0000000-0000-0000-0000-000000000034}.Debug|x64.Build.0 = Debug|Any CPU
		{A0000000-0000-0000-0000-000000000034}.Debug|x86.ActiveCfg = Debug|Any CPU
		{A0000000-0000-0000-0000-000000000034}.Debug|x86.Build.0 = Debug|Any CPU
		{A0000000-0000-0000-0000-000000000034}.Release|Any CPU.ActiveCfg = Release|Any CPU
		{A0000000-0000-0000-0000-000000000034}.Release|Any CPU.Build.0 = Release|Any CPU
		{A0000000-0000-0000-0000-000000000034}.Release|x64.ActiveCfg = Release|Any CPU
		{A0000000-0000-0000-0000-000000000034}.Release|x64.Build.0 = Release|Any CPU
		{A0000000-0000-0000-0000-000000000034}.Release|x86.ActiveCfg = Release|Any CPU
		{A0000000-0000-0000-0000-000000000034}.Release|x86.Build.0 = Release|Any CPU
		{A0000000-0000-0000-0000-000000000034}.Editor|Any CPU.ActiveCfg = Editor|Any CPU
		{A0000000-0000-0000-0000-000000000034}.Editor|Any CPU.Build.0 = Editor|Any CPU
		{A0000000-0000-0000-0000-000000000034}.Editor|x64.ActiveCfg = Editor|Any CPU
		{A0000000-0000-0000-0000-000000000034}.Editor|x64.Build.0 = Editor|Any CPU
		{A0000000-0000-0000-0000-000000000034}.Editor|x86.ActiveCfg = Editor|Any CPU
		{A0000000-0000-0000-0000-000000000034}.Editor|x86.Build.0 = Editor|Any CPU
		{A0000000-0000-0000-0000-000000000002}.Debug|Any CPU.ActiveCfg = Debug|Any CPU
		{A0000000-0000-0000-0000-000000000002}.Debug|Any CPU.Build.0 = Debug|Any CPU
		{A0000000-0000-0000-0000-000000000002}.Debug|x64.ActiveCfg = Debug|Any CPU
		{A0000000-0000-0000-0000-000000000002}.Debug|x64.Build.0 = Debug|Any CPU
		{A0000000-0000-0000-0000-000000000002}.Debug|x86.ActiveCfg = Debug|Any CPU
		{A0000000-0000-0000-0000-000000000002}.Debug|x86.Build.0 = Debug|Any CPU
		{A0000000-0000-0000-0000-000000000002}.Release|Any CPU.ActiveCfg = Release|Any CPU
		{A0000000-0000-0000-0000-000000000002}.Release|Any CPU.Build.0 = Release|Any CPU
		{A0000000-0000-0000-0000-000000000002}.Release|x64.ActiveCfg = Release|Any CPU
		{A0000000-0000-0000-0000-000000000002}.Release|x64.Build.0 = Release|Any CPU
		{A0000000-0000-0000-0000-000000000002}.Release|x86.ActiveCfg = Release|Any CPU
		{A0000000-0000-0000-0000-000000000002}.Release|x86.Build.0 = Release|Any CPU
		{A0000000-0000-0000-0000-000000000002}.Editor|Any CPU.ActiveCfg = Editor|Any CPU
		{A0000000-0000-0000-0000-000000000002}.Editor|Any CPU.Build.0 = Editor|Any CPU
		{A0000000-0000-0000-0000-000000000002}.Editor|x64.ActiveCfg = Editor|Any CPU
		{A0000000-0000-0000-0000-000000000002}.Editor|x64.Build.0 = Editor|Any CPU
		{A0000000-0000-0000-0000-000000000002}.Editor|x86.ActiveCfg = Editor|Any CPU
		{A0000000-0000-0000-0000-000000000002}.Editor|x86.Build.0 = Editor|Any CPU
		{A0000000-0000-0000-0000-000000000003}.Debug|Any CPU.ActiveCfg = Debug|Any CPU
		{A0000000-0000-0000-0000-000000000003}.Debug|Any CPU.Build.0 = Debug|Any CPU
		{A0000000-0000-0000-0000-000000000003}.Debug|x64.ActiveCfg = Debug|Any CPU
		{A0000000-0000-0000-0000-000000000003}.Debug|x64.Build.0 = Debug|Any CPU
		{A0000000-0000-0000-0000-000000000003}.Debug|x86.ActiveCfg = Debug|Any CPU
		{A0000000-0000-0000-0000-000000000003}.Debug|x86.Build.0 = Debug|Any CPU
		{A0000000-0000-0000-0000-000000000003}.Release|Any CPU.ActiveCfg = Release|Any CPU
		{A0000000-0000-0000-0000-000000000003}.Release|Any CPU.Build.0 = Release|Any CPU
		{A0000000-0000-0000-0000-000000000003}.Release|x64.ActiveCfg = Release|Any CPU
		{A0000000-0000-0000-0000-000000000003}.Release|x64.Build.0 = Release|Any CPU
		{A0000000-0000-0000-0000-000000000003}.Release|x86.ActiveCfg = Release|Any CPU
		{A0000000-0000-0000-0000-000000000003}.Release|x86.Build.0 = Release|Any CPU
		{A0000000-0000-0000-0000-000000000003}.Editor|Any CPU.ActiveCfg = Editor|Any CPU
		{A0000000-0000-0000-0000-000000000003}.Editor|Any CPU.Build.0 = Editor|Any CPU
		{A0000000-0000-0000-0000-000000000003}.Editor|x64.ActiveCfg = Editor|Any CPU
		{A0000000-0000-0000-0000-000000000003}.Editor|x64.Build.0 = Editor|Any CPU
		{A0000000-0000-0000-0000-000000000003}.Editor|x86.ActiveCfg = Editor|Any CPU
		{A0000000-0000-0000-0000-000000000003}.Editor|x86.Build.0 = Editor|Any CPU
		{A0000000-0000-0000-0000-000000000004}.Debug|Any CPU.ActiveCfg = Debug|Any CPU
		{A0000000-0000-0000-0000-000000000004}.Debug|Any CPU.Build.0 = Debug|Any CPU
		{A0000000-0000-0000-0000-000000000004}.Debug|x64.ActiveCfg = Debug|Any CPU
		{A0000000-0000-0000-0000-000000000004}.Debug|x64.Build.0 = Debug|Any CPU
		{A0000000-0000-0000-0000-000000000004}.Debug|x86.ActiveCfg = Debug|Any CPU
		{A0000000-0000-0000-0000-000000000004}.Debug|x86.Build.0 = Debug|Any CPU
		{A0000000-0000-0000-0000-000000000004}.Release|Any CPU.ActiveCfg = Release|Any CPU
		{A0000000-0000-0000-0000-000000000004}.Release|Any CPU.Build.0 = Release|Any CPU
		{A0000000-0000-0000-0000-000000000004}.Release|x64.ActiveCfg = Release|Any CPU
		{A0000000-0000-0000-0000-000000000004}.Release|x64.Build.0 = Release|Any CPU
		{A0000000-0000-0000-0000-000000000004}.Release|x86.ActiveCfg = Release|Any CPU
		{A0000000-0000-0000-0000-000000000004}.Release|x86.Build.0 = Release|Any CPU
		{A0000000-0000-0000-0000-000000000004}.Editor|Any CPU.ActiveCfg = Editor|Any CPU
		{A0000000-0000-0000-0000-000000000004}.Editor|Any CPU.Build.0 = Editor|Any CPU
		{A0000000-0000-0000-0000-000000000004}.Editor|x64.ActiveCfg = Editor|Any CPU
		{A0000000-0000-0000-0000-000000000004}.Editor|x64.Build.0 = Editor|Any CPU
		{A0000000-0000-0000-0000-000000000004}.Editor|x86.ActiveCfg = Editor|Any CPU
		{A0000000-0000-0000-0000-000000000004}.Editor|x86.Build.0 = Editor|Any CPU
		{A0000000-0000-0000-0000-000000000005}.Debug|Any CPU.ActiveCfg = Debug|Any CPU
		{A0000000-0000-0000-0000-000000000005}.Debug|Any CPU.Build.0 = Debug|Any CPU
		{A0000000-0000-0000-0000-000000000005}.Debug|x64.ActiveCfg = Debug|Any CPU
		{A0000000-0000-0000-0000-000000000005}.Debug|x64.Build.0 = Debug|Any CPU
		{A0000000-0000-0000-0000-000000000005}.Debug|x86.ActiveCfg = Debug|Any CPU
		{A0000000-0000-0000-0000-000000000005}.Debug|x86.Build.0 = Debug|Any CPU
		{A0000000-0000-0000-0000-000000000005}.Release|Any CPU.ActiveCfg = Release|Any CPU
		{A0000000-0000-0000-0000-000000000005}.Release|Any CPU.Build.0 = Release|Any CPU
		{A0000000-0000-0000-0000-000000000005}.Release|x64.ActiveCfg = Release|Any CPU
		{A0000000-0000-0000-0000-000000000005}.Release|x64.Build.0 = Release|Any CPU
		{A0000000-0000-0000-0000-000000000005}.Release|x86.ActiveCfg = Release|Any CPU
		{A0000000-0000-0000-0000-000000000005}.Release|x86.Build.0 = Release|Any CPU
		{A0000000-0000-0000-0000-000000000005}.Editor|Any CPU.ActiveCfg = Editor|Any CPU
		{A0000000-0000-0000-0000-000000000005}.Editor|Any CPU.Build.0 = Editor|Any CPU
		{A0000000-0000-0000-0000-000000000005}.Editor|x64.ActiveCfg = Editor|Any CPU
		{A0000000-0000-0000-0000-000000000005}.Editor|x64.Build.0 = Editor|Any CPU
		{A0000000-0000-0000-0000-000000000005}.Editor|x86.ActiveCfg = Editor|Any CPU
		{A0000000-0000-0000-0000-000000000005}.Editor|x86.Build.0 = Editor|Any CPU
		{7E299139-2BBA-457F-9885-EF3AE864D890}.Debug|Any CPU.ActiveCfg = Debug|Any CPU
		{7E299139-2BBA-457F-9885-EF3AE864D890}.Debug|Any CPU.Build.0 = Debug|Any CPU
		{7E299139-2BBA-457F-9885-EF3AE864D890}.Debug|x64.ActiveCfg = Debug|Any CPU
		{7E299139-2BBA-457F-9885-EF3AE864D890}.Debug|x64.Build.0 = Debug|Any CPU
		{7E299139-2BBA-457F-9885-EF3AE864D890}.Debug|x86.ActiveCfg = Debug|Any CPU
		{7E299139-2BBA-457F-9885-EF3AE864D890}.Debug|x86.Build.0 = Debug|Any CPU
		{7E299139-2BBA-457F-9885-EF3AE864D890}.Release|Any CPU.ActiveCfg = Release|Any CPU
		{7E299139-2BBA-457F-9885-EF3AE864D890}.Release|Any CPU.Build.0 = Release|Any CPU
		{7E299139-2BBA-457F-9885-EF3AE864D890}.Release|x64.ActiveCfg = Release|Any CPU
		{7E299139-2BBA-457F-9885-EF3AE864D890}.Release|x64.Build.0 = Release|Any CPU
		{7E299139-2BBA-457F-9885-EF3AE864D890}.Release|x86.ActiveCfg = Release|Any CPU
		{7E299139-2BBA-457F-9885-EF3AE864D890}.Release|x86.Build.0 = Release|Any CPU
		{7E299139-2BBA-457F-9885-EF3AE864D890}.Editor|Any CPU.ActiveCfg = Debug|Any CPU
		{7E299139-2BBA-457F-9885-EF3AE864D890}.Editor|Any CPU.Build.0 = Debug|Any CPU
		{7E299139-2BBA-457F-9885-EF3AE864D890}.Editor|x64.ActiveCfg = Debug|Any CPU
		{7E299139-2BBA-457F-9885-EF3AE864D890}.Editor|x64.Build.0 = Debug|Any CPU
		{7E299139-2BBA-457F-9885-EF3AE864D890}.Editor|x86.ActiveCfg = Debug|Any CPU
		{7E299139-2BBA-457F-9885-EF3AE864D890}.Editor|x86.Build.0 = Debug|Any CPU
		{5275B514-9862-406B-B670-4F6956542713}.Debug|Any CPU.ActiveCfg = Debug|Any CPU
		{5275B514-9862-406B-B670-4F6956542713}.Debug|Any CPU.Build.0 = Debug|Any CPU
		{5275B514-9862-406B-B670-4F6956542713}.Debug|x64.ActiveCfg = Debug|Any CPU
		{5275B514-9862-406B-B670-4F6956542713}.Debug|x64.Build.0 = Debug|Any CPU
		{5275B514-9862-406B-B670-4F6956542713}.Debug|x86.ActiveCfg = Debug|Any CPU
		{5275B514-9862-406B-B670-4F6956542713}.Debug|x86.Build.0 = Debug|Any CPU
		{5275B514-9862-406B-B670-4F6956542713}.Release|Any CPU.ActiveCfg = Release|Any CPU
		{5275B514-9862-406B-B670-4F6956542713}.Release|Any CPU.Build.0 = Release|Any CPU
		{5275B514-9862-406B-B670-4F6956542713}.Release|x64.ActiveCfg = Release|Any CPU
		{5275B514-9862-406B-B670-4F6956542713}.Release|x64.Build.0 = Release|Any CPU
		{5275B514-9862-406B-B670-4F6956542713}.Release|x86.ActiveCfg = Release|Any CPU
		{5275B514-9862-406B-B670-4F6956542713}.Release|x86.Build.0 = Release|Any CPU
		{5275B514-9862-406B-B670-4F6956542713}.Editor|Any CPU.ActiveCfg = Editor|Any CPU
		{5275B514-9862-406B-B670-4F6956542713}.Editor|Any CPU.Build.0 = Editor|Any CPU
		{5275B514-9862-406B-B670-4F6956542713}.Editor|x64.ActiveCfg = Editor|Any CPU
		{5275B514-9862-406B-B670-4F6956542713}.Editor|x64.Build.0 = Editor|Any CPU
		{5275B514-9862-406B-B670-4F6956542713}.Editor|x86.ActiveCfg = Editor|Any CPU
		{5275B514-9862-406B-B670-4F6956542713}.Editor|x86.Build.0 = Editor|Any CPU
	EndGlobalSection
	GlobalSection(SolutionProperties) = preSolution
		HideSolutionNode = FALSE
	EndGlobalSection
	GlobalSection(NestedProjects) = preSolution
		{A0000000-0000-0000-0000-000000000011} = {F0000001-0000-0000-0000-000000000000}
		{A0000000-0000-0000-0000-000000000012} = {F0000001-0000-0000-0000-000000000000}
		{A0000000-0000-0000-0000-000000000013} = {F0000001-0000-0000-0000-000000000000}
		{A0000000-0000-0000-0000-000000000014} = {F0000001-0000-0000-0000-000000000000}
		{A0000000-0000-0000-0000-000000000021} = {F0000002-0000-0000-0000-000000000000}
		{A0000000-0000-0000-0000-000000000022} = {F0000002-0000-0000-0000-000000000000}
		{A0000000-0000-0000-0000-000000000023} = {F0000002-0000-0000-0000-000000000000}
		{A0000000-0000-0000-0000-000000000024} = {F0000002-0000-0000-0000-000000000000}
		{A0000000-0000-0000-0000-000000000031} = {F0000003-0000-0000-0000-000000000000}
		{A0000000-0000-0000-0000-000000000032} = {F0000003-0000-0000-0000-000000000000}
		{A0000000-0000-0000-0000-000000000033} = {F0000003-0000-0000-0000-000000000000}
		{A0000000-0000-0000-0000-000000000034} = {F0000003-0000-0000-0000-000000000000}
		{7E299139-2BBA-457F-9885-EF3AE864D890} = {808186BE-9BD0-DD1D-D574-36EEAD1E7F8F}
	EndGlobalSection
EndGlobal
