version = 1
revision = 3
requires-python = ">=3.12"

[[package]]
name = "2dog"
version = "0.1.0"
source = { virtual = "." }
dependencies = [
    { name = "scons" },
]

[package.metadata]
requires-dist = [{ name = "scons", specifier = ">=4.9.1,<5.0.0" }]

[[package]]
name = "scons"
version = "4.10.1"
source = { registry = "https://pypi.org/simple" }
sdist = { url = "https://files.pythonhosted.org/packages/7d/c9/2f430bb39e4eccba32ce8008df4a3206df651276422204e177a09e12b30b/scons-4.10.1.tar.gz", hash = "sha256:99c0e94a42a2c1182fa6859b0be697953db07ba936ecc9817ae0d218ced20b15", size = 3258403, upload-time = "2025-11-16T22:43:39.258Z" }
wheels = [
    { url = "https://files.pythonhosted.org/packages/ce/bf/931fb9fbb87234c32b8b1b1c15fba23472a10777c12043336675633809a7/scons-4.10.1-py3-none-any.whl", hash = "sha256:bd9d1c52f908d874eba92a8c0c0a8dcf2ed9f3b88ab956d0fce1da479c4e7126", size = 4136069, upload-time = "2025-11-16T22:43:35.933Z" },
]
