<Solution>
  <Configurations>
    <BuildType Name="Debug" />
    <BuildType Name="Editor" />
    <BuildType Name="Release" />
  </Configurations>
  <Project Path="TPLRAWNAME.csproj" />
  <Project Path="TPLRAWNAME.2dog/TPLRAWNAME.2dog.csproj" />
#if (tests)
  <Project Path="TPLRAWNAME.tests/TPLRAWNAME.tests.csproj" />
#endif
#if (winforms)
  <Project Path="TPLRAWNAME.winforms/TPLRAWNAME.winforms.csproj" />
#endif
#if (winui)
  <Project Path="TPLRAWNAME.winui/TPLRAWNAME.winui.csproj">
    <Build Project="false" />
  </Project>
#endif
#if (avalonia)
  <Project Path="TPLRAWNAME.avalonia/TPLRAWNAME.avalonia.csproj" />
#endif
#if (web)
  <Project Path="TPLRAWNAME.web/TPLRAWNAME.web.csproj">
    <BuildType Solution="Editor|*" Project="Debug" />
    <Build Project="false" />
  </Project>
#endif
#if (webxr)
  <Project Path="TPLRAWNAME.webxr/TPLRAWNAME.webxr.csproj">
    <BuildType Solution="Editor|*" Project="Debug" />
    <Build Project="false" />
  </Project>
#endif
#if (blazor)
  <Project Path="TPLRAWNAME.blazor/TPLRAWNAME.blazor.csproj">
    <BuildType Solution="Editor|*" Project="Debug" />
    <Build Project="false" />
  </Project>
  <Project Path="TPLRAWNAME.blazor/Client/TPLRAWNAME.blazor.Client.csproj">
    <BuildType Solution="Editor|*" Project="Debug" />
    <Build Project="false" />
  </Project>
#endif
</Solution>
